<?xml version="1.0" encoding="utf-8"?>
<Project ToolsVersion="4.0" xmlns="http://schemas.microsoft.com/developer/msbuild/2003">
  <ItemGroup>
    <Filter Include="Source Files">
      <UniqueIdentifier>{4FC737F1-C7A5-4376-A066-2A32D752A2FF}</UniqueIdentifier>
      <Extensions>cpp;c;cc;cxx;def;odl;idl;hpj;bat;asm;asmx</Extensions>
    </Filter>
    <Filter Include="Header Files">
      <UniqueIdentifier>{93995380-89BD-4b04-88EB-625FBE52EBFB}</UniqueIdentifier>
      <Extensions>h;hh;hpp;hxx;hm;inl;inc;ipp;xsd</Extensions>
    </Filter>
    <Filter Include="Resource Files">
      <UniqueIdentifier>{67DA6AB6-F800-4c08-8B7A-83BB121AAD01}</UniqueIdentifier>
      <Extensions>rc;ico;cur;bmp;dlg;rc2;rct;bin;rgs;gif;jpg;jpeg;jpe;resx;tiff;tif;png;wav;mfcribbon-ms</Extensions>
    </Filter>
  </ItemGroup>
  <ItemGroup>
    <ClCompile Include="Main.cpp">
      <Filter>Source Files</Filter>
    </ClCompile>
    <ClCompile Include="Scene.cpp">
      <Filter>Source Files</Filter>
    </ClCompile>
    <ClCompile Include="Ship.cpp">
      <Filter>Source Files</Filter>
    </ClCompile>
    <ClCompile Include="Enemy.cpp">
      <Filter>Source Files</Filter>
    </ClCompile>
    <ClCompile Include="Bullet.cpp">
      <Filter>Source Files</Filter>
    </ClCompile>
    <ClCompile Include="EnemyFactory.cpp">
      <Filter>Source Files</Filter>
    </ClCompile>
    <ClCompile Include="BulletManager.cpp">
      <Filter>Source Files</Filter>
    </ClCompile>
    <ClCompile Include="VerticalScroller.cpp">
      <Filter>Source Files</Filter>
    </ClCompile>
    <ClCompile Include="BulletDriftEnemy.cpp">
      <Filter>Source Files</Filter>
    </ClCompile>
    <ClCompile Include="Entity.cpp">
      <Filter>Source Files</Filter>
    </ClCompile>
    <ClCompile Include="Enemy_Upwards.cpp">
      <Filter>Source Files</Filter>
    </ClCompile>
    <ClCompile Include="Reticle.cpp">
      <Filter>Source Files</Filter>
    </ClCompile>
    <ClCompile Include="PlayerBomb.cpp">
      <Filter>Source Files</Filter>
    </ClCompile>
    <ClCompile Include="Decal.cpp">
      <Filter>Source Files</Filter>
    </ClCompile>
    <ClCompile Include="Includes\LifeMeterIcon.cpp">
      <Filter>Source Files</Filter>
    </ClCompile>
    <ClCompile Include="Enemy_SweepRight.cpp">
      <Filter>Source Files</Filter>
    </ClCompile>
    <ClCompile Include="Enemy_SweepLeft.cpp">
      <Filter>Source Files</Filter>
    </ClCompile>
    <ClCompile Include="Powerup_Homing.cpp">
      <Filter>Source Files</Filter>
    </ClCompile>
    <ClCompile Include="EnemyFighter_Downwards.cpp">
      <Filter>Source Files</Filter>
    </ClCompile>
    <ClCompile Include="EnemyFighter_Upwards.cpp">
      <Filter>Source Files</Filter>
    </ClCompile>
    <ClCompile Include="Enemy_Large.cpp">
      <Filter>Source Files</Filter>
    </ClCompile>
    <ClCompile Include="Enemy_Missile.cpp">
      <Filter>Source Files</Filter>
    </ClCompile>
    <ClCompile Include="EnemyBullet.cpp">
      <Filter>Source Files</Filter>
    </ClCompile>
    <ClCompile Include="Powerup.cpp">
      <Filter>Source Files</Filter>
    </ClCompile>
    <ClCompile Include="Turret.cpp">
      <Filter>Source Files</Filter>
    </ClCompile>
  </ItemGroup>
  <ItemGroup>
    <ClInclude Include="Includes\olcPixelGameEngine.h">
      <Filter>Header Files</Filter>
    </ClInclude>
    <ClInclude Include="Includes\Scene.h">
      <Filter>Header Files</Filter>
    </ClInclude>
    <ClInclude Include="Includes\Ship.h">
      <Filter>Header Files</Filter>
    </ClInclude>
    <ClInclude Include="Includes\Bullet.h">
      <Filter>Header Files</Filter>
    </ClInclude>
    <ClInclude Include="Includes\EnemyFactory.h">
      <Filter>Header Files</Filter>
    </ClInclude>
    <ClInclude Include="BulletManager.h">
      <Filter>Header Files</Filter>
    </ClInclude>
    <ClInclude Include="Includes\VerticalScroller.h">
      <Filter>Header Files</Filter>
    </ClInclude>
    <ClInclude Include="Includes\olcPGEX_Graphics2D.h">
      <Filter>Header Files</Filter>
    </ClInclude>
    <ClInclude Include="Includes\BulletDriftEnemy.h">
      <Filter>Header Files</Filter>
    </ClInclude>
    <ClInclude Include="Includes\Entity.h">
      <Filter>Header Files</Filter>
    </ClInclude>
    <ClInclude Include="Includes\Enemy_Upwards.h">
      <Filter>Header Files</Filter>
    </ClInclude>
    <ClInclude Include="Includes\Enemy.h">
      <Filter>Header Files</Filter>
    </ClInclude>
    <ClInclude Include="Includes\Reticle.h">
      <Filter>Header Files</Filter>
    </ClInclude>
    <ClInclude Include="Includes\PlayerBomb.h">
      <Filter>Header Files</Filter>
    </ClInclude>
    <ClInclude Include="Includes\Decal.h">
      <Filter>Header Files</Filter>
    </ClInclude>
    <ClInclude Include="Includes\LifeMeterIcon.h">
      <Filter>Header Files</Filter>
    </ClInclude>
    <ClInclude Include="Includes\Enemy_SweepRight.h">
      <Filter>Header Files</Filter>
    </ClInclude>
    <ClInclude Include="Includes\Enemy_SweepLeft.h">
      <Filter>Header Files</Filter>
    </ClInclude>
    <ClInclude Include="Includes\Poweup_Homing.h">
      <Filter>Header Files</Filter>
    </ClInclude>
    <ClInclude Include="Includes\EnemyFighter_Downwards.h">
      <Filter>Header Files</Filter>
    </ClInclude>
    <ClInclude Include="Includes\EnemyFighter_Upwards.h">
      <Filter>Header Files</Filter>
    </ClInclude>
    <ClInclude Include="Includes\Enemy_Missile.h">
      <Filter>Header Files</Filter>
    </ClInclude>
    <ClInclude Include="Includes\Enemy_Large.h">
      <Filter>Header Files</Filter>
    </ClInclude>
    <ClInclude Include="EnemyBullet.h">
      <Filter>Header Files</Filter>
    </ClInclude>
    <ClInclude Include="Includes\Powerup.h">
      <Filter>Header Files</Filter>
    </ClInclude>
    <ClInclude Include="Includes\Turret.h">
      <Filter>Header Files</Filter>
    </ClInclude>
  </ItemGroup>
</Project>